
Microsoft Visual Studio Solution File, Format Version 12.00
# Visual Studio 14
VisualStudioVersion = 14.0.25420.1
MinimumVisualStudioVersion = 10.0.40219.1
Project("{F184B08F-C81C-45F6-A57F-5ABD9991F28F}") = "PSModuleTemplateVB", "PSModuleTemplateVB\PSModuleTemplateVB.vbproj", "{CCA53BAE-6A84-4BAC-B902-A2E48160AFC1}"
EndProject
Global
	GlobalSection(SolutionConfigurationPlatforms) = preSolution
		Debug|Any CPU = Debug|Any CPU
		Release|Any CPU = Release|Any CPU
	EndGlobalSection
	GlobalSection(ProjectConfigurationPlatforms) = postSolution
		{CCA53BAE-6A84-4BAC-B902-A2E48160AFC1}.Debug|Any CPU.ActiveCfg = Debug|Any CPU
		{CCA53BAE-6A84-4BAC-B902-A2E48160AFC1}.Debug|Any CPU.Build.0 = Debug|Any CPU
		{CCA53BAE-6A84-4BAC-B902-A2E48160AFC1}.Release|Any CPU.ActiveCfg = Release|Any CPU
		{CCA53BAE-6A84-4BAC-B902-A2E48160AFC1}.Release|Any CPU.Build.0 = Release|Any CPU
	EndGlobalSection
	GlobalSection(SolutionProperties) = preSolution
		HideSolutionNode = FALSE
	EndGlobalSection
EndGlobal
